// !$*UTF8*$!
{
	archiveVersion = 1;
	classes = {
	};
	objectVersion = 56;
	objects = {

/* Begin PBXBuildFile section */
		D4E7DB682BFC7F7500D35F23 /* MVVMSwiftUIAppApp.swift in Sources */ = {isa = PBXBuildFile; fileRef = D4E7DB672BFC7F7500D35F23 /* MVVMSwiftUIAppApp.swift */; };
		D4E7DB6A2BFC7F7500D35F23 /* ContentView.swift in Sources */ = {isa = PBXBuildFile; fileRef = D4E7DB692BFC7F7500D35F23 /* ContentView.swift */; };
		D4E7DB6C2BFC7F7800D35F23 /* Assets.xcassets in Resources */ = {isa = PBXBuildFile; fileRef = D4E7DB6B2BFC7F7800D35F23 /* Assets.xcassets */; };
		D4E7DB6F2BFC7F7800D35F23 /* Preview Assets.xcassets in Resources */ = {isa = PBXBuildFile; fileRef = D4E7DB6E2BFC7F7800D35F23 /* Preview Assets.xcassets */; };
		D4E7DB792BFC7F7800D35F23 /* MVVMSwiftUIAppTests.swift in Sources */ = {isa = PBXBuildFile; fileRef = D4E7DB782BFC7F7800D35F23 /* MVVMSwiftUIAppTests.swift */; };
		D4E7DB832BFC7F7800D35F23 /* MVVMSwiftUIAppUITests.swift in Sources */ = {isa = PBXBuildFile; fileRef = D4E7DB822BFC7F7800D35F23 /* MVVMSwiftUIAppUITests.swift */; };
		D4E7DB852BFC7F7800D35F23 /* MVVMSwiftUIAppUITestsLaunchTests.swift in Sources */ = {isa = PBXBuildFile; fileRef = D4E7DB842BFC7F7800D35F23 /* MVVMSwiftUIAppUITestsLaunchTests.swift */; };
/* End PBXBuildFile section */

/* Begin PBXContainerItemProxy section */
		D4E7DB752BFC7F7800D35F23 /* PBXContainerItemProxy */ = {
			isa = PBXContainerItemProxy;
			containerPortal = D4E7DB5C2BFC7F7500D35F23 /* Project object */;
			proxyType = 1;
			remoteGlobalIDString = D4E7DB632BFC7F7500D35F23;
			remoteInfo = MVVMSwiftUIApp;
		};
		D4E7DB7F2BFC7F7800D35F23 /* PBXContainerItemProxy */ = {
			isa = PBXContainerItemProxy;
			containerPortal = D4E7DB5C2BFC7F7500D35F23 /* Project object */;
			proxyType = 1;
			remoteGlobalIDString = D4E7DB632BFC7F7500D35F23;
			remoteInfo = MVVMSwiftUIApp;
		};
/* End PBXContainerItemProxy section */

/* Begin PBXFileReference section */
		D4E7DB642BFC7F7500D35F23 /* MVVMSwiftUIApp.app */ = {isa = PBXFileReference; explicitFileType = wrapper.application; includeInIndex = 0; path = MVVMSwiftUIApp.app; sourceTree = BUILT_PRODUCTS_DIR; };
		D4E7DB672BFC7F7500D35F23 /* MVVMSwiftUIAppApp.swift */ = {isa = PBXFileReference; lastKnownFileType = sourcecode.swift; path = MVVMSwiftUIAppApp.swift; sourceTree = "<group>"; };
		D4E7DB692BFC7F7500D35F23 /* ContentView.swift */ = {isa = PBXFileReference; lastKnownFileType = sourcecode.swift; path = ContentView.swift; sourceTree = "<group>"; };
		D4E7DB6B2BFC7F7800D35F23 /* Assets.xcassets */ = {isa = PBXFileReference; lastKnownFileType = folder.assetcatalog; path = Assets.xcassets; sourceTree = "<group>"; };
		D4E7DB6E2BFC7F7800D35F23 /* Preview Assets.xcassets */ = {isa = PBXFileReference; lastKnownFileType = folder.assetcatalog; path = "Preview Assets.xcassets"; sourceTree = "<group>"; };
		D4E7DB742BFC7F7800D35F23 /* MVVMSwiftUIAppTests.xctest */ = {isa = PBXFileReference; explicitFileType = wrapper.cfbundle; includeInIndex = 0; path = MVVMSwiftUIAppTests.xctest; sourceTree = BUILT_PRODUCTS_DIR; };
		D4E7DB782BFC7F7800D35F23 /* MVVMSwiftUIAppTests.swift */ = {isa = PBXFileReference; lastKnownFileType = sourcecode.swift; path = MVVMSwiftUIAppTests.swift; sourceTree = "<group>"; };
		D4E7DB7E2BFC7F7800D35F23 /* MVVMSwiftUIAppUITests.xctest */ = {isa = PBXFileReference; explicitFileType = wrapper.cfbundle; includeInIndex = 0; path = MVVMSwiftUIAppUITests.xctest; sourceTree = BUILT_PRODUCTS_DIR; };
		D4E7DB822BFC7F7800D35F23 /* MVVMSwiftUIAppUITests.swift */ = {isa = PBXFileReference; lastKnownFileType = sourcecode.swift; path = MVVMSwiftUIAppUITests.swift; sourceTree = "<group>"; };
		D4E7DB842BFC7F7800D35F23 /* MVVMSwiftUIAppUITestsLaunchTests.swift */ = {isa = PBXFileReference; lastKnownFileType = sourcecode.swift; path = MVVMSwiftUIAppUITestsLaunchTests.swift; sourceTree = "<group>"; };
/* End PBXFileReference section */

/* Begin PBXFrameworksBuildPhase section */
		D4E7DB612BFC7F7500D35F23 /* Frameworks */ = {
			isa = PBXFrameworksBuildPhase;
			buildActionMask = 2147483647;
			files = (
			);
			runOnlyForDeploymentPostprocessing = 0;
		};
		D4E7DB712BFC7F7800D35F23 /* Frameworks */ = {
			isa = PBXFrameworksBuildPhase;
			buildActionMask = 2147483647;
			files = (
			);
			runOnlyForDeploymentPostprocessing = 0;
		};
		D4E7DB7B2BFC7F7800D35F23 /* Frameworks */ = {
			isa = PBXFrameworksBuildPhase;
			buildActionMask = 2147483647;
			files = (
			);
			runOnlyForDeploymentPostprocessing = 0;
		};
/* End PBXFrameworksBuildPhase section */

/* Begin PBXGroup section */
		D4E7DB5B2BFC7F7500D35F23 = {
			isa = PBXGroup;
			children = (
				D4E7DB662BFC7F7500D35F23 /* MVVMSwiftUIApp */,
				D4E7DB772BFC7F7800D35F23 /* MVVMSwiftUIAppTests */,
				D4E7DB812BFC7F7800D35F23 /* MVVMSwiftUIAppUITests */,
				D4E7DB652BFC7F7500D35F23 /* Products */,
			);
			sourceTree = "<group>";
		};
		D4E7DB652BFC7F7500D35F23 /* Products */ = {
			isa = PBXGroup;
			children = (
				D4E7DB642BFC7F7500D35F23 /* MVVMSwiftUIApp.app */,
				D4E7DB742BFC7F7800D35F23 /* MVVMSwiftUIAppTests.xctest */,
				D4E7DB7E2BFC7F7800D35F23 /* MVVMSwiftUIAppUITests.xctest */,
			);
			name = Products;
			sourceTree = "<group>";
		};
		D4E7DB662BFC7F7500D35F23 /* MVVMSwiftUIApp */ = {
			isa = PBXGroup;
			children = (
				D4E7DB672BFC7F7500D35F23 /* MVVMSwiftUIAppApp.swift */,
				D4E7DB692BFC7F7500D35F23 /* ContentView.swift */,
				D4E7DB6B2BFC7F7800D35F23 /* Assets.xcassets */,
				D4E7DB6D2BFC7F7800D35F23 /* Preview Content */,
			);
			path = MVVMSwiftUIApp;
			sourceTree = "<group>";
		};
		D4E7DB6D2BFC7F7800D35F23 /* Preview Content */ = {
			isa = PBXGroup;
			children = (
				D4E7DB6E2BFC7F7800D35F23 /* Preview Assets.xcassets */,
			);
			path = "Preview Content";
			sourceTree = "<group>";
		};
		D4E7DB772BFC7F7800D35F23 /* MVVMSwiftUIAppTests */ = {
			isa = PBXGroup;
			children = (
				D4E7DB782BFC7F7800D35F23 /* MVVMSwiftUIAppTests.swift */,
			);
			path = MVVMSwiftUIAppTests;
			sourceTree = "<group>";
		};
		D4E7DB812BFC7F7800D35F23 /* MVVMSwiftUIAppUITests */ = {
			isa = PBXGroup;
			children = (
				D4E7DB822BFC7F7800D35F23 /* MVVMSwiftUIAppUITests.swift */,
				D4E7DB842BFC7F7800D35F23 /* MVVMSwiftUIAppUITestsLaunchTests.swift */,
			);
			path = MVVMSwiftUIAppUITests;
			sourceTree = "<group>";
		};
/* End PBXGroup section */

/* Begin PBXNativeTarget section */
		D4E7DB632BFC7F7500D35F23 /* MVVMSwiftUIApp */ = {
			isa = PBXNativeTarget;
			buildConfigurationList = D4E7DB882BFC7F7800D35F23 /* Build configuration list for PBXNativeTarget "MVVMSwiftUIApp" */;
			buildPhases = (
				D4E7DB602BFC7F7500D35F23 /* Sources */,
				D4E7DB612BFC7F7500D35F23 /* Frameworks */,
				D4E7DB622BFC7F7500D35F23 /* Resources */,
			);
			buildRules = (
			);
			dependencies = (
			);
			name = MVVMSwiftUIApp;
			productName = MVVMSwiftUIApp;
			productReference = D4E7DB642BFC7F7500D35F23 /* MVVMSwiftUIApp.app */;
			productType = "com.apple.product-type.application";
		};
		D4E7DB732BFC7F7800D35F23 /* MVVMSwiftUIAppTests */ = {
			isa = PBXNativeTarget;
			buildConfigurationList = D4E7DB8B2BFC7F7800D35F23 /* Build configuration list for PBXNativeTarget "MVVMSwiftUIAppTests" */;
			buildPhases = (
				D4E7DB702BFC7F7800D35F23 /* Sources */,
				D4E7DB712BFC7F7800D35F23 /* Frameworks */,
				D4E7DB722BFC7F7800D35F23 /* Resources */,
			);
			buildRules = (
			);
			dependencies = (
				D4E7DB762BFC7F7800D35F23 /* PBXTargetDependency */,
			);
			name = MVVMSwiftUIAppTests;
			productName = MVVMSwiftUIAppTests;
			productReference = D4E7DB742BFC7F7800D35F23 /* MVVMSwiftUIAppTests.xctest */;
			productType = "com.apple.product-type.bundle.unit-test";
		};
		D4E7DB7D2BFC7F7800D35F23 /* MVVMSwiftUIAppUITests */ = {
			isa = PBXNativeTarget;
			buildConfigurationList = D4E7DB8E2BFC7F7800D35F23 /* Build configuration list for PBXNativeTarget "MVVMSwiftUIAppUITests" */;
			buildPhases = (
				D4E7DB7A2BFC7F7800D35F23 /* Sources */,
				D4E7DB7B2BFC7F7800D35F23 /* Frameworks */,
				D4E7DB7C2BFC7F7800D35F23 /* Resources */,
			);
			buildRules = (
			);
			dependencies = (
				D4E7DB802BFC7F7800D35F23 /* PBXTargetDependency */,
			);
			name = MVVMSwiftUIAppUITests;
			productName = MVVMSwiftUIAppUITests;
			productReference = D4E7DB7E2BFC7F7800D35F23 /* MVVMSwiftUIAppUITests.xctest */;
			productType = "com.apple.product-type.bundle.ui-testing";
		};
/* End PBXNativeTarget section */

/* Begin PBXProject section */
		D4E7DB5C2BFC7F7500D35F23 /* Project object */ = {
			isa = PBXProject;
			attributes = {
				BuildIndependentTargetsInParallel = 1;
				LastSwiftUpdateCheck = 1530;
				LastUpgradeCheck = 1530;
				TargetAttributes = {
					D4E7DB632BFC7F7500D35F23 = {
						CreatedOnToolsVersion = 15.3;
					};
					D4E7DB732BFC7F7800D35F23 = {
						CreatedOnToolsVersion = 15.3;
						TestTargetID = D4E7DB632BFC7F7500D35F23;
					};
					D4E7DB7D2BFC7F7800D35F23 = {
						CreatedOnToolsVersion = 15.3;
						TestTargetID = D4E7DB632BFC7F7500D35F23;
					};
				};
			};
			buildConfigurationList = D4E7DB5F2BFC7F7500D35F23 /* Build configuration list for PBXProject "MVVMSwiftUIApp" */;
			compatibilityVersion = "Xcode 14.0";
			developmentRegion = en;
			hasScannedForEncodings = 0;
			knownRegions = (
				en,
				Base,
			);
			mainGroup = D4E7DB5B2BFC7F7500D35F23;
			productRefGroup = D4E7DB652BFC7F7500D35F23 /* Products */;
			projectDirPath = "";
			projectRoot = "";
			targets = (
				D4E7DB632BFC7F7500D35F23 /* MVVMSwiftUIApp */,
				D4E7DB732BFC7F7800D35F23 /* MVVMSwiftUIAppTests */,
				D4E7DB7D2BFC7F7800D35F23 /* MVVMSwiftUIAppUITests */,
			);
		};
/* End PBXProject section */

/* Begin PBXResourcesBuildPhase section */
		D4E7DB622BFC7F7500D35F23 /* Resources */ = {
			isa = PBXResourcesBuildPhase;
			buildActionMask = 2147483647;
			files = (
				D4E7DB6F2BFC7F7800D35F23 /* Preview Assets.xcassets in Resources */,
				D4E7DB6C2BFC7F7800D35F23 /* Assets.xcassets in Resources */,
			);
			runOnlyForDeploymentPostprocessing = 0;
		};
		D4E7DB722BFC7F7800D35F23 /* Resources */ = {
			isa = PBXResourcesBuildPhase;
			buildActionMask = 2147483647;
			files = (
			);
			runOnlyForDeploymentPostprocessing = 0;
		};
		D4E7DB7C2BFC7F7800D35F23 /* Resources */ = {
			isa = PBXResourcesBuildPhase;
			buildActionMask = 2147483647;
			files = (
			);
			runOnlyForDeploymentPostprocessing = 0;
		};
/* End PBXResourcesBuildPhase section */

/* Begin PBXSourcesBuildPhase section */
		D4E7DB602BFC7F7500D35F23 /* Sources */ = {
			isa = PBXSourcesBuildPhase;
			buildActionMask = 2147483647;
			files = (
				D4E7DB6A2BFC7F7500D35F23 /* ContentView.swift in Sources */,
				D4E7DB682BFC7F7500D35F23 /* MVVMSwiftUIAppApp.swift in Sources */,
			);
			runOnlyForDeploymentPostprocessing = 0;
		};
		D4E7DB702BFC7F7800D35F23 /* Sources */ = {
			isa = PBXSourcesBuildPhase;
			buildActionMask = 2147483647;
			files = (
				D4E7DB792BFC7F7800D35F23 /* MVVMSwiftUIAppTests.swift in Sources */,
			);
			runOnlyForDeploymentPostprocessing = 0;
		};
		D4E7DB7A2BFC7F7800D35F23 /* Sources */ = {
			isa = PBXSourcesBuildPhase;
			buildActionMask = 2147483647;
			files = (
				D4E7DB852BFC7F7800D35F23 /* MVVMSwiftUIAppUITestsLaunchTests.swift in Sources */,
				D4E7DB832BFC7F7800D35F23 /* MVVMSwiftUIAppUITests.swift in Sources */,
			);
			runOnlyForDeploymentPostprocessing = 0;
		};
/* End PBXSourcesBuildPhase section */

/* Begin PBXTargetDependency section */
		D4E7DB762BFC7F7800D35F23 /* PBXTargetDependency */ = {
			isa = PBXTargetDependency;
			target = D4E7DB632BFC7F7500D35F23 /* MVVMSwiftUIApp */;
			targetProxy = D4E7DB752BFC7F7800D35F23 /* PBXContainerItemProxy */;
		};
		D4E7DB802BFC7F7800D35F23 /* PBXTargetDependency */ = {
			isa = PBXTargetDependency;
			target = D4E7DB632BFC7F7500D35F23 /* MVVMSwiftUIApp */;
			targetProxy = D4E7DB7F2BFC7F7800D35F23 /* PBXContainerItemProxy */;
		};
/* End PBXTargetDependency section */

/* Begin XCBuildConfiguration section */
		D4E7DB862BFC7F7800D35F23 /* Debug */ = {
			isa = XCBuildConfiguration;
			buildSettings = {
				ALWAYS_SEARCH_USER_PATHS = NO;
				ASSETCATALOG_COMPILER_GENERATE_SWIFT_ASSET_SYMBOL_EXTENSIONS = YES;
				CLANG_ANALYZER_NONNULL = YES;
				CLANG_ANALYZER_NUMBER_OBJECT_CONVERSION = YES_AGGRESSIVE;
				CLANG_CXX_LANGUAGE_STANDARD = "gnu++20";
				CLANG_ENABLE_MODULES = YES;
				CLANG_ENABLE_OBJC_ARC = YES;
				CLANG_ENABLE_OBJC_WEAK = YES;
				CLANG_WARN_BLOCK_CAPTURE_AUTORELEASING = YES;
				CLANG_WARN_BOOL_CONVERSION = YES;
				CLANG_WARN_COMMA = YES;
				CLANG_WARN_CONSTANT_CONVERSION = YES;
				CLANG_WARN_DEPRECATED_OBJC_IMPLEMENTATIONS = YES;
				CLANG_WARN_DIRECT_OBJC_ISA_USAGE = YES_ERROR;
				CLANG_WARN_DOCUMENTATION_COMMENTS = YES;
				CLANG_WARN_EMPTY_BODY = YES;
				CLANG_WARN_ENUM_CONVERSION = YES;
				CLANG_WARN_INFINITE_RECURSION = YES;
				CLANG_WARN_INT_CONVERSION = YES;
				CLANG_WARN_NON_LITERAL_NULL_CONVERSION = YES;
				CLANG_WARN_OBJC_IMPLICIT_RETAIN_SELF = YES;
				CLANG_WARN_OBJC_LITERAL_CONVERSION = YES;
				CLANG_WARN_OBJC_ROOT_CLASS = YES_ERROR;
				CLANG_WARN_QUOTED_INCLUDE_IN_FRAMEWORK_HEADER = YES;
				CLANG_WARN_RANGE_LOOP_ANALYSIS = YES;
				CLANG_WARN_STRICT_PROTOTYPES = YES;
				CLANG_WARN_SUSPICIOUS_MOVE = YES;
				CLANG_WARN_UNGUARDED_AVAILABILITY = YES_AGGRESSIVE;
				CLANG_WARN_UNREACHABLE_CODE = YES;
				CLANG_WARN__DUPLICATE_METHOD_MATCH = YES;
				COPY_PHASE_STRIP = NO;
				DEBUG_INFORMATION_FORMAT = dwarf;
				ENABLE_STRICT_OBJC_MSGSEND = YES;
				ENABLE_TESTABILITY = YES;
				ENABLE_USER_SCRIPT_SANDBOXING = YES;
				GCC_C_LANGUAGE_STANDARD = gnu17;
				GCC_DYNAMIC_NO_PIC = NO;
				GCC_NO_COMMON_BLOCKS = YES;
				GCC_OPTIMIZATION_LEVEL = 0;
				GCC_PREPROCESSOR_DEFINITIONS = (
					"DEBUG=1",
					"$(inherited)",
				);
				GCC_WARN_64_TO_32_BIT_CONVERSION = YES;
				GCC_WARN_ABOUT_RETURN_TYPE = YES_ERROR;
				GCC_WARN_UNDECLARED_SELECTOR = YES;
				GCC_WARN_UNINITIALIZED_AUTOS = YES_AGGRESSIVE;
				GCC_WARN_UNUSED_FUNCTION = YES;
				GCC_WARN_UNUSED_VARIABLE = YES;
				IPHONEOS_DEPLOYMENT_TARGET = 17.4;
				LOCALIZATION_PREFERS_STRING_CATALOGS = YES;
				MTL_ENABLE_DEBUG_INFO = INCLUDE_SOURCE;
				MTL_FAST_MATH = YES;
				ONLY_ACTIVE_ARCH = YES;
				SDKROOT = iphoneos;
				SWIFT_ACTIVE_COMPILATION_CONDITIONS = "DEBUG $(inherited)";
				SWIFT_OPTIMIZATION_LEVEL = "-Onone";
			};
			name = Debug;
		};
		D4E7DB872BFC7F7800D35F23 /* Release */ = {
			isa = XCBuildConfiguration;
			buildSettings = {
				ALWAYS_SEARCH_USER_PATHS = NO;
				ASSETCATALOG_COMPILER_GENERATE_SWIFT_ASSET_SYMBOL_EXTENSIONS = YES;
				CLANG_ANALYZER_NONNULL = YES;
				CLANG_ANALYZER_NUMBER_OBJECT_CONVERSION = YES_AGGRESSIVE;
				CLANG_CXX_LANGUAGE_STANDARD = "gnu++20";
				CLANG_ENABLE_MODULES = YES;
				CLANG_ENABLE_OBJC_ARC = YES;
				CLANG_ENABLE_OBJC_WEAK = YES;
				CLANG_WARN_BLOCK_CAPTURE_AUTORELEASING = YES;
				CLANG_WARN_BOOL_CONVERSION = YES;
				CLANG_WARN_COMMA = YES;
				CLANG_WARN_CONSTANT_CONVERSION = YES;
				CLANG_WARN_DEPRECATED_OBJC_IMPLEMENTATIONS = YES;
				CLANG_WARN_DIRECT_OBJC_ISA_USAGE = YES_ERROR;
				CLANG_WARN_DOCUMENTATION_COMMENTS = YES;
				CLANG_WARN_EMPTY_BODY = YES;
				CLANG_WARN_ENUM_CONVERSION = YES;
				CLANG_WARN_INFINITE_RECURSION = YES;
				CLANG_WARN_INT_CONVERSION = YES;
				CLANG_WARN_NON_LITERAL_NULL_CONVERSION = YES;
				CLANG_WARN_OBJC_IMPLICIT_RETAIN_SELF = YES;
				CLANG_WARN_OBJC_LITERAL_CONVERSION = YES;
				CLANG_WARN_OBJC_ROOT_CLASS = YES_ERROR;
				CLANG_WARN_QUOTED_INCLUDE_IN_FRAMEWORK_HEADER = YES;
				CLANG_WARN_RANGE_LOOP_ANALYSIS = YES;
				CLANG_WARN_STRICT_PROTOTYPES = YES;
				CLANG_WARN_SUSPICIOUS_MOVE = YES;
				CLANG_WARN_UNGUARDED_AVAILABILITY = YES_AGGRESSIVE;
				CLANG_WARN_UNREACHABLE_CODE = YES;
				CLANG_WARN__DUPLICATE_METHOD_MATCH = YES;
				COPY_PHASE_STRIP = NO;
				DEBUG_INFORMATION_FORMAT = "dwarf-with-dsym";
				ENABLE_NS_ASSERTIONS = NO;
				ENABLE_STRICT_OBJC_MSGSEND = YES;
				ENABLE_USER_SCRIPT_SANDBOXING = YES;
				GCC_C_LANGUAGE_STANDARD = gnu17;
				GCC_NO_COMMON_BLOCKS = YES;
				GCC_WARN_64_TO_32_BIT_CONVERSION = YES;
				GCC_WARN_ABOUT_RETURN_TYPE = YES_ERROR;
				GCC_WARN_UNDECLARED_SELECTOR = YES;
				GCC_WARN_UNINITIALIZED_AUTOS = YES_AGGRESSIVE;
				GCC_WARN_UNUSED_FUNCTION = YES;
				GCC_WARN_UNUSED_VARIABLE = YES;
				IPHONEOS_DEPLOYMENT_TARGET = 17.4;
				LOCALIZATION_PREFERS_STRING_CATALOGS = YES;
				MTL_ENABLE_DEBUG_INFO = NO;
				MTL_FAST_MATH = YES;
				SDKROOT = iphoneos;
				SWIFT_COMPILATION_MODE = wholemodule;
				VALIDATE_PRODUCT = YES;
			};
			name = Release;
		};
		D4E7DB892BFC7F7800D35F23 /* Debug */ = {
			isa = XCBuildConfiguration;
			buildSettings = {
				ASSETCATALOG_COMPILER_APPICON_NAME = AppIcon;
				ASSETCATALOG_COMPILER_GLOBAL_ACCENT_COLOR_NAME = AccentColor;
				CODE_SIGN_STYLE = Automatic;
				CURRENT_PROJECT_VERSION = 1;
				DEVELOPMENT_ASSET_PATHS = "\"MVVMSwiftUIApp/Preview Content\"";
				DEVELOPMENT_TEAM = 77MH7DAV5Q;
				ENABLE_PREVIEWS = YES;
				GENERATE_INFOPLIST_FILE = YES;
				INFOPLIST_KEY_UIApplicationSceneManifest_Generation = YES;
				INFOPLIST_KEY_UIApplicationSupportsIndirectInputEvents = YES;
				INFOPLIST_KEY_UILaunchScreen_Generation = YES;
				INFOPLIST_KEY_UISupportedInterfaceOrientations_iPad = "UIInterfaceOrientationPortrait UIInterfaceOrientationPortraitUpsideDown UIInterfaceOrientationLandscapeLeft UIInterfaceOrientationLandscapeRight";
				INFOPLIST_KEY_UISupportedInterfaceOrientations_iPhone = "UIInterfaceOrientationPortrait UIInterfaceOrientationLandscapeLeft UIInterfaceOrientationLandscapeRight";
				LD_RUNPATH_SEARCH_PATHS = (
					"$(inherited)",
					"@executable_path/Frameworks",
				);
				MARKETING_VERSION = 1.0;
				PRODUCT_BUNDLE_IDENTIFIER = com.boilerplate.rn.MVVMSwiftUIApp;
				PRODUCT_NAME = "$(TARGET_NAME)";
				SWIFT_EMIT_LOC_STRINGS = YES;
				SWIFT_VERSION = 5.0;
				TARGETED_DEVICE_FAMILY = "1,2";
			};
			name = Debug;
		};
		D4E7DB8A2BFC7F7800D35F23 /* Release */ = {
			isa = XCBuildConfiguration;
			buildSettings = {
				ASSETCATALOG_COMPILER_APPICON_NAME = AppIcon;
				ASSETCATALOG_COMPILER_GLOBAL_ACCENT_COLOR_NAME = AccentColor;
				CODE_SIGN_STYLE = Automatic;
				CURRENT_PROJECT_VERSION = 1;
				DEVELOPMENT_ASSET_PATHS = "\"MVVMSwiftUIApp/Preview Content\"";
				DEVELOPMENT_TEAM = 77MH7DAV5Q;
				ENABLE_PREVIEWS = YES;
				GENERATE_INFOPLIST_FILE = YES;
				INFOPLIST_KEY_UIApplicationSceneManifest_Generation = YES;
				INFOPLIST_KEY_UIApplicationSupportsIndirectInputEvents = YES;
				INFOPLIST_KEY_UILaunchScreen_Generation = YES;
				INFOPLIST_KEY_UISupportedInterfaceOrientations_iPad = "UIInterfaceOrientationPortrait UIInterfaceOrientationPortraitUpsideDown UIInterfaceOrientationLandscapeLeft UIInterfaceOrientationLandscapeRight";
				INFOPLIST_KEY_UISupportedInterfaceOrientations_iPhone = "UIInterfaceOrientationPortrait UIInterfaceOrientationLandscapeLeft UIInterfaceOrientationLandscapeRight";
				LD_RUNPATH_SEARCH_PATHS = (
					"$(inherited)",
					"@executable_path/Frameworks",
				);
				MARKETING_VERSION = 1.0;
				PRODUCT_BUNDLE_IDENTIFIER = com.boilerplate.rn.MVVMSwiftUIApp;
				PRODUCT_NAME = "$(TARGET_NAME)";
				SWIFT_EMIT_LOC_STRINGS = YES;
				SWIFT_VERSION = 5.0;
				TARGETED_DEVICE_FAMILY = "1,2";
			};
			name = Release;
		};
		D4E7DB8C2BFC7F7800D35F23 /* Debug */ = {
			isa = XCBuildConfiguration;
			buildSettings = {
				ALWAYS_EMBED_SWIFT_STANDARD_LIBRARIES = YES;
				BUNDLE_LOADER = "$(TEST_HOST)";
				CODE_SIGN_STYLE = Automatic;
				CURRENT_PROJECT_VERSION = 1;
				DEVELOPMENT_TEAM = 77MH7DAV5Q;
				GENERATE_INFOPLIST_FILE = YES;
				IPHONEOS_DEPLOYMENT_TARGET = 17.4;
				MARKETING_VERSION = 1.0;
				PRODUCT_BUNDLE_IDENTIFIER = com.boilerplate.rn.MVVMSwiftUIAppTests;
				PRODUCT_NAME = "$(TARGET_NAME)";
				SWIFT_EMIT_LOC_STRINGS = NO;
				SWIFT_VERSION = 5.0;
				TARGETED_DEVICE_FAMILY = "1,2";
				TEST_HOST = "$(BUILT_PRODUCTS_DIR)/MVVMSwiftUIApp.app/$(BUNDLE_EXECUTABLE_FOLDER_PATH)/MVVMSwiftUIApp";
			};
			name = Debug;
		};
		D4E7DB8D2BFC7F7800D35F23 /* Release */ = {
			isa = XCBuildConfiguration;
			buildSettings = {
				ALWAYS_EMBED_SWIFT_STANDARD_LIBRARIES = YES;
				BUNDLE_LOADER = "$(TEST_HOST)";
				CODE_SIGN_STYLE = Automatic;
				CURRENT_PROJECT_VERSION = 1;
				DEVELOPMENT_TEAM = 77MH7DAV5Q;
				GENERATE_INFOPLIST_FILE = YES;
				IPHONEOS_DEPLOYMENT_TARGET = 17.4;
				MARKETING_VERSION = 1.0;
				PRODUCT_BUNDLE_IDENTIFIER = com.boilerplate.rn.MVVMSwiftUIAppTests;
				PRODUCT_NAME = "$(TARGET_NAME)";
				SWIFT_EMIT_LOC_STRINGS = NO;
				SWIFT_VERSION = 5.0;
				TARGETED_DEVICE_FAMILY = "1,2";
				TEST_HOST = "$(BUILT_PRODUCTS_DIR)/MVVMSwiftUIApp.app/$(BUNDLE_EXECUTABLE_FOLDER_PATH)/MVVMSwiftUIApp";
			};
			name = Release;
		};
		D4E7DB8F2BFC7F7800D35F23 /* Debug */ = {
			isa = XCBuildConfiguration;
			buildSettings = {
				ALWAYS_EMBED_SWIFT_STANDARD_LIBRARIES = YES;
				CODE_SIGN_STYLE = Automatic;
				CURRENT_PROJECT_VERSION = 1;
				DEVELOPMENT_TEAM = 77MH7DAV5Q;
				GENERATE_INFOPLIST_FILE = YES;
				MARKETING_VERSION = 1.0;
				PRODUCT_BUNDLE_IDENTIFIER = com.boilerplate.rn.MVVMSwiftUIAppUITests;
				PRODUCT_NAME = "$(TARGET_NAME)";
				SWIFT_EMIT_LOC_STRINGS = NO;
				SWIFT_VERSION = 5.0;
				TARGETED_DEVICE_FAMILY = "1,2";
				TEST_TARGET_NAME = MVVMSwiftUIApp;
			};
			name = Debug;
		};
		D4E7DB902BFC7F7800D35F23 /* Release */ = {
			isa = XCBuildConfiguration;
			buildSettings = {
				ALWAYS_EMBED_SWIFT_STANDARD_LIBRARIES = YES;
				CODE_SIGN_STYLE = Automatic;
				CURRENT_PROJECT_VERSION = 1;
				DEVELOPMENT_TEAM = 77MH7DAV5Q;
				GENERATE_INFOPLIST_FILE = YES;
				MARKETING_VERSION = 1.0;
				PRODUCT_BUNDLE_IDENTIFIER = com.boilerplate.rn.MVVMSwiftUIAppUITests;
				PRODUCT_NAME = "$(TARGET_NAME)";
				SWIFT_EMIT_LOC_STRINGS = NO;
				SWIFT_VERSION = 5.0;
				TARGETED_DEVICE_FAMILY = "1,2";
				TEST_TARGET_NAME = MVVMSwiftUIApp;
			};
			name = Release;
		};
/* End XCBuildConfiguration section */

/* Begin XCConfigurationList section */
		D4E7DB5F2BFC7F7500D35F23 /* Build configuration list for PBXProject "MVVMSwiftUIApp" */ = {
			isa = XCConfigurationList;
			buildConfigurations = (
				D4E7DB862BFC7F7800D35F23 /* Debug */,
				D4E7DB872BFC7F7800D35F23 /* Release */,
			);
			defaultConfigurationIsVisible = 0;
			defaultConfigurationName = Release;
		};
		D4E7DB882BFC7F7800D35F23 /* Build configuration list for PBXNativeTarget "MVVMSwiftUIApp" */ = {
			isa = XCConfigurationList;
			buildConfigurations = (
				D4E7DB892BFC7F7800D35F23 /* Debug */,
				D4E7DB8A2BFC7F7800D35F23 /* Release */,
			);
			defaultConfigurationIsVisible = 0;
			defaultConfigurationName = Release;
		};
		D4E7DB8B2BFC7F7800D35F23 /* Build configuration list for PBXNativeTarget "MVVMSwiftUIAppTests" */ = {
			isa = XCConfigurationList;
			buildConfigurations = (
				D4E7DB8C2BFC7F7800D35F23 /* Debug */,
				D4E7DB8D2BFC7F7800D35F23 /* Release */,
			);
			defaultConfigurationIsVisible = 0;
			defaultConfigurationName = Release;
		};
		D4E7DB8E2BFC7F7800D35F23 /* Build configuration list for PBXNativeTarget "MVVMSwiftUIAppUITests" */ = {
			isa = XCConfigurationList;
			buildConfigurations = (
				D4E7DB8F2BFC7F7800D35F23 /* Debug */,
				D4E7DB902BFC7F7800D35F23 /* Release */,
			);
			defaultConfigurationIsVisible = 0;
			defaultConfigurationName = Release;
		};
/* End XCConfigurationList section */
	};
	rootObject = D4E7DB5C2BFC7F7500D35F23 /* Project object */;
}
